
Microsoft Visual Studio Solution File, Format Version 12.00
# Visual Studio Version 17
VisualStudioVersion = 17.2.32505.173
MinimumVisualStudioVersion = 10.0.40219.1
Project("{8BC9CEB8-8B4A-11D0-8D11-00A0C91BC942}") = "desktopAppTutorial1", "desktopAppTutorial1\desktopAppTutorial1.vcxproj", "{8792E8BE-3E4E-49B8-B1FF-A64F083D9F65}"
EndProject
Project("{2150E333-8FDC-42A3-9474-1A3956D46DE8}") = "ソリューション項目", "ソリューション項目", "{730CAD6E-4B97-4AC6-BCA7-27F20B3DD795}"
	ProjectSection(SolutionItems) = preProject
		memo.md = memo.md
	EndProjectSection
EndProject
Global
	GlobalSection(SolutionConfigurationPlatforms) = preSolution
		Debug|x64 = Debug|x64
		Debug|x86 = Debug|x86
		Release|x64 = Release|x64
		Release|x86 = Release|x86
	EndGlobalSection
	GlobalSection(ProjectConfigurationPlatforms) = postSolution
		{8792E8BE-3E4E-49B8-B1FF-A64F083D9F65}.Debug|x64.ActiveCfg = Debug|x64
		{8792E8BE-3E4E-49B8-B1FF-A64F083D9F65}.Debug|x64.Build.0 = Debug|x64
		{8792E8BE-3E4E-49B8-B1FF-A64F083D9F65}.Debug|x86.ActiveCfg = Debug|Win32
		{8792E8BE-3E4E-49B8-B1FF-A64F083D9F65}.Debug|x86.Build.0 = Debug|Win32
		{8792E8BE-3E4E-49B8-B1FF-A64F083D9F65}.Release|x64.ActiveCfg = Release|x64
		{8792E8BE-3E4E-49B8-B1FF-A64F083D9F65}.Release|x64.Build.0 = Release|x64
		{8792E8BE-3E4E-49B8-B1FF-A64F083D9F65}.Release|x86.ActiveCfg = Release|Win32
		{8792E8BE-3E4E-49B8-B1FF-A64F083D9F65}.Release|x86.Build.0 = Release|Win32
	EndGlobalSection
	GlobalSection(SolutionProperties) = preSolution
		HideSolutionNode = FALSE
	EndGlobalSection
	GlobalSection(ExtensibilityGlobals) = postSolution
		SolutionGuid = {73FAB1DB-7397-42E1-AB05-79EC2DC9CE7A}
	EndGlobalSection
EndGlobal
